{
  "name": "nodejs-module-system-basics",
  "version": "1.0.0",
  "lockfileVersion": 1,
  "requires": true,
  "dependencies": {
    "@types/node": {
      "version": "14.14.37",
      "resolved": "https://repo1.uhc.com:443/artifactory/api/npm/npm-virtual/@types/node/-/node-14.14.37.tgz",
      "integrity": "sha1-o92NpOuEqZbDbjMd+Y2Cq9drUW4="
    }
  }
}
